
Microsoft Visual Studio Solution File, Format Version 12.00
# Visual Studio Version 16
VisualStudioVersion = 16.0.29926.136
MinimumVisualStudioVersion = 10.0.40219.1
Project("{FAE04EC0-301F-11D3-BF4B-00C04F79EFBC}") = "CreateTest.UWP", "CreateTest\CreateTest.UWP\CreateTest.UWP.csproj", "{B99B2913-D12E-452C-9E6D-4D27264AAB03}"
EndProject
Project("{FAE04EC0-301F-11D3-BF4B-00C04F79EFBC}") = "CreateTest.Android", "CreateTest\CreateTest.Android\CreateTest.Android.csproj", "{8E0C2EB0-8D35-462A-BB36-9DE5FD52C583}"
EndProject
Project("{FAE04EC0-301F-11D3-BF4B-00C04F79EFBC}") = "CreateTest.iOS", "CreateTest\CreateTest.iOS\CreateTest.iOS.csproj", "{5A96A15E-5F1E-4833-AFF4-6697964F6236}"
EndProject
Project("{FAE04EC0-301F-11D3-BF4B-00C04F79EFBC}") = "CreateTest", "CreateTest\CreateTest\CreateTest.csproj", "{654E7589-AE4A-41D3-B1A7-35F5CC199373}"
EndProject
Global
	GlobalSection(SolutionConfigurationPlatforms) = preSolution
		Debug|Any CPU = Debug|Any CPU
		Debug|ARM = Debug|ARM
		Debug|iPhone = Debug|iPhone
		Debug|iPhoneSimulator = Debug|iPhoneSimulator
		Debug|x64 = Debug|x64
		Debug|x86 = Debug|x86
		Release|Any CPU = Release|Any CPU
		Release|ARM = Release|ARM
		Release|iPhone = Release|iPhone
		Release|iPhoneSimulator = Release|iPhoneSimulator
		Release|x64 = Release|x64
		Release|x86 = Release|x86
	EndGlobalSection
	GlobalSection(ProjectConfigurationPlatforms) = postSolution
		{B99B2913-D12E-452C-9E6D-4D27264AAB03}.Debug|Any CPU.ActiveCfg = Debug|x86
		{B99B2913-D12E-452C-9E6D-4D27264AAB03}.Debug|Any CPU.Build.0 = Debug|x86
		{B99B2913-D12E-452C-9E6D-4D27264AAB03}.Debug|Any CPU.Deploy.0 = Debug|x86
		{B99B2913-D12E-452C-9E6D-4D27264AAB03}.Debug|ARM.ActiveCfg = Debug|ARM
		{B99B2913-D12E-452C-9E6D-4D27264AAB03}.Debug|ARM.Build.0 = Debug|ARM
		{B99B2913-D12E-452C-9E6D-4D27264AAB03}.Debug|ARM.Deploy.0 = Debug|ARM
		{B99B2913-D12E-452C-9E6D-4D27264AAB03}.Debug|iPhone.ActiveCfg = Debug|x86
		{B99B2913-D12E-452C-9E6D-4D27264AAB03}.Debug|iPhone.Build.0 = Debug|x86
		{B99B2913-D12E-452C-9E6D-4D27264AAB03}.Debug|iPhone.Deploy.0 = Debug|x86
		{B99B2913-D12E-452C-9E6D-4D27264AAB03}.Debug|iPhoneSimulator.ActiveCfg = Debug|x86
		{B99B2913-D12E-452C-9E6D-4D27264AAB03}.Debug|iPhoneSimulator.Build.0 = Debug|x86
		{B99B2913-D12E-452C-9E6D-4D27264AAB03}.Debug|iPhoneSimulator.Deploy.0 = Debug|x86
		{B99B2913-D12E-452C-9E6D-4D27264AAB03}.Debug|x64.ActiveCfg = Debug|x64
		{B99B2913-D12E-452C-9E6D-4D27264AAB03}.Debug|x64.Build.0 = Debug|x64
		{B99B2913-D12E-452C-9E6D-4D27264AAB03}.Debug|x64.Deploy.0 = Debug|x64
		{B99B2913-D12E-452C-9E6D-4D27264AAB03}.Debug|x86.ActiveCfg = Debug|x86
		{B99B2913-D12E-452C-9E6D-4D27264AAB03}.Debug|x86.Build.0 = Debug|x86
		{B99B2913-D12E-452C-9E6D-4D27264AAB03}.Debug|x86.Deploy.0 = Debug|x86
		{B99B2913-D12E-452C-9E6D-4D27264AAB03}.Release|Any CPU.ActiveCfg = Release|x86
		{B99B2913-D12E-452C-9E6D-4D27264AAB03}.Release|Any CPU.Build.0 = Release|x86
		{B99B2913-D12E-452C-9E6D-4D27264AAB03}.Release|Any CPU.Deploy.0 = Release|x86
		{B99B2913-D12E-452C-9E6D-4D27264AAB03}.Release|ARM.ActiveCfg = Release|ARM
		{B99B2913-D12E-452C-9E6D-4D27264AAB03}.Release|ARM.Build.0 = Release|ARM
		{B99B2913-D12E-452C-9E6D-4D27264AAB03}.Release|ARM.Deploy.0 = Release|ARM
		{B99B2913-D12E-452C-9E6D-4D27264AAB03}.Release|iPhone.ActiveCfg = Release|x86
		{B99B2913-D12E-452C-9E6D-4D27264AAB03}.Release|iPhone.Build.0 = Release|x86
		{B99B2913-D12E-452C-9E6D-4D27264AAB03}.Release|iPhone.Deploy.0 = Release|x86
		{B99B2913-D12E-452C-9E6D-4D27264AAB03}.Release|iPhoneSimulator.ActiveCfg = Release|x86
		{B99B2913-D12E-452C-9E6D-4D27264AAB03}.Release|iPhoneSimulator.Build.0 = Release|x86
		{B99B2913-D12E-452C-9E6D-4D27264AAB03}.Release|iPhoneSimulator.Deploy.0 = Release|x86
		{B99B2913-D12E-452C-9E6D-4D27264AAB03}.Release|x64.ActiveCfg = Release|x64
		{B99B2913-D12E-452C-9E6D-4D27264AAB03}.Release|x64.Build.0 = Release|x64
		{B99B2913-D12E-452C-9E6D-4D27264AAB03}.Release|x64.Deploy.0 = Release|x64
		{B99B2913-D12E-452C-9E6D-4D27264AAB03}.Release|x86.ActiveCfg = Release|x86
		{B99B2913-D12E-452C-9E6D-4D27264AAB03}.Release|x86.Build.0 = Release|x86
		{B99B2913-D12E-452C-9E6D-4D27264AAB03}.Release|x86.Deploy.0 = Release|x86
		{8E0C2EB0-8D35-462A-BB36-9DE5FD52C583}.Debug|Any CPU.ActiveCfg = Debug|Any CPU
		{8E0C2EB0-8D35-462A-BB36-9DE5FD52C583}.Debug|Any CPU.Build.0 = Debug|Any CPU
		{8E0C2EB0-8D35-462A-BB36-9DE5FD52C583}.Debug|Any CPU.Deploy.0 = Debug|Any CPU
		{8E0C2EB0-8D35-462A-BB36-9DE5FD52C583}.Debug|ARM.ActiveCfg = Debug|Any CPU
		{8E0C2EB0-8D35-462A-BB36-9DE5FD52C583}.Debug|ARM.Build.0 = Debug|Any CPU
		{8E0C2EB0-8D35-462A-BB36-9DE5FD52C583}.Debug|ARM.Deploy.0 = Debug|Any CPU
		{8E0C2EB0-8D35-462A-BB36-9DE5FD52C583}.Debug|iPhone.ActiveCfg = Debug|Any CPU
		{8E0C2EB0-8D35-462A-BB36-9DE5FD52C583}.Debug|iPhone.Build.0 = Debug|Any CPU
		{8E0C2EB0-8D35-462A-BB36-9DE5FD52C583}.Debug|iPhone.Deploy.0 = Debug|Any CPU
		{8E0C2EB0-8D35-462A-BB36-9DE5FD52C583}.Debug|iPhoneSimulator.ActiveCfg = Debug|Any CPU
		{8E0C2EB0-8D35-462A-BB36-9DE5FD52C583}.Debug|iPhoneSimulator.Build.0 = Debug|Any CPU
		{8E0C2EB0-8D35-462A-BB36-9DE5FD52C583}.Debug|iPhoneSimulator.Deploy.0 = Debug|Any CPU
		{8E0C2EB0-8D35-462A-BB36-9DE5FD52C583}.Debug|x64.ActiveCfg = Debug|Any CPU
		{8E0C2EB0-8D35-462A-BB36-9DE5FD52C583}.Debug|x64.Build.0 = Debug|Any CPU
		{8E0C2EB0-8D35-462A-BB36-9DE5FD52C583}.Debug|x64.Deploy.0 = Debug|Any CPU
		{8E0C2EB0-8D35-462A-BB36-9DE5FD52C583}.Debug|x86.ActiveCfg = Debug|Any CPU
		{8E0C2EB0-8D35-462A-BB36-9DE5FD52C583}.Debug|x86.Build.0 = Debug|Any CPU
		{8E0C2EB0-8D35-462A-BB36-9DE5FD52C583}.Debug|x86.Deploy.0 = Debug|Any CPU
		{8E0C2EB0-8D35-462A-BB36-9DE5FD52C583}.Release|Any CPU.ActiveCfg = Release|Any CPU
		{8E0C2EB0-8D35-462A-BB36-9DE5FD52C583}.Release|Any CPU.Build.0 = Release|Any CPU
		{8E0C2EB0-8D35-462A-BB36-9DE5FD52C583}.Release|Any CPU.Deploy.0 = Release|Any CPU
		{8E0C2EB0-8D35-462A-BB36-9DE5FD52C583}.Release|ARM.ActiveCfg = Release|Any CPU
		{8E0C2EB0-8D35-462A-BB36-9DE5FD52C583}.Release|ARM.Build.0 = Release|Any CPU
		{8E0C2EB0-8D35-462A-BB36-9DE5FD52C583}.Release|ARM.Deploy.0 = Release|Any CPU
		{8E0C2EB0-8D35-462A-BB36-9DE5FD52C583}.Release|iPhone.ActiveCfg = Release|Any CPU
		{8E0C2EB0-8D35-462A-BB36-9DE5FD52C583}.Release|iPhone.Build.0 = Release|Any CPU
		{8E0C2EB0-8D35-462A-BB36-9DE5FD52C583}.Release|iPhone.Deploy.0 = Release|Any CPU
		{8E0C2EB0-8D35-462A-BB36-9DE5FD52C583}.Release|iPhoneSimulator.ActiveCfg = Release|Any CPU
		{8E0C2EB0-8D35-462A-BB36-9DE5FD52C583}.Release|iPhoneSimulator.Build.0 = Release|Any CPU
		{8E0C2EB0-8D35-462A-BB36-9DE5FD52C583}.Release|iPhoneSimulator.Deploy.0 = Release|Any CPU
		{8E0C2EB0-8D35-462A-BB36-9DE5FD52C583}.Release|x64.ActiveCfg = Release|Any CPU
		{8E0C2EB0-8D35-462A-BB36-9DE5FD52C583}.Release|x64.Build.0 = Release|Any CPU
		{8E0C2EB0-8D35-462A-BB36-9DE5FD52C583}.Release|x64.Deploy.0 = Release|Any CPU
		{8E0C2EB0-8D35-462A-BB36-9DE5FD52C583}.Release|x86.ActiveCfg = Release|Any CPU
		{8E0C2EB0-8D35-462A-BB36-9DE5FD52C583}.Release|x86.Build.0 = Release|Any CPU
		{8E0C2EB0-8D35-462A-BB36-9DE5FD52C583}.Release|x86.Deploy.0 = Release|Any CPU
		{5A96A15E-5F1E-4833-AFF4-6697964F6236}.Debug|Any CPU.ActiveCfg = Debug|iPhone
		{5A96A15E-5F1E-4833-AFF4-6697964F6236}.Debug|Any CPU.Build.0 = Debug|iPhone
		{5A96A15E-5F1E-4833-AFF4-6697964F6236}.Debug|Any CPU.Deploy.0 = Debug|iPhone
		{5A96A15E-5F1E-4833-AFF4-6697964F6236}.Debug|ARM.ActiveCfg = Debug|iPhone
		{5A96A15E-5F1E-4833-AFF4-6697964F6236}.Debug|ARM.Build.0 = Debug|iPhone
		{5A96A15E-5F1E-4833-AFF4-6697964F6236}.Debug|ARM.Deploy.0 = Debug|iPhone
		{5A96A15E-5F1E-4833-AFF4-6697964F6236}.Debug|iPhone.ActiveCfg = Debug|iPhone
		{5A96A15E-5F1E-4833-AFF4-6697964F6236}.Debug|iPhone.Build.0 = Debug|iPhone
		{5A96A15E-5F1E-4833-AFF4-6697964F6236}.Debug|iPhone.Deploy.0 = Debug|iPhone
		{5A96A15E-5F1E-4833-AFF4-6697964F6236}.Debug|iPhoneSimulator.ActiveCfg = Debug|iPhoneSimulator
		{5A96A15E-5F1E-4833-AFF4-6697964F6236}.Debug|iPhoneSimulator.Build.0 = Debug|iPhoneSimulator
		{5A96A15E-5F1E-4833-AFF4-6697964F6236}.Debug|iPhoneSimulator.Deploy.0 = Debug|iPhoneSimulator
		{5A96A15E-5F1E-4833-AFF4-6697964F6236}.Debug|x64.ActiveCfg = Debug|iPhone
		{5A96A15E-5F1E-4833-AFF4-6697964F6236}.Debug|x64.Build.0 = Debug|iPhone
		{5A96A15E-5F1E-4833-AFF4-6697964F6236}.Debug|x64.Deploy.0 = Debug|iPhone
		{5A96A15E-5F1E-4833-AFF4-6697964F6236}.Debug|x86.ActiveCfg = Debug|iPhone
		{5A96A15E-5F1E-4833-AFF4-6697964F6236}.Debug|x86.Build.0 = Debug|iPhone
		{5A96A15E-5F1E-4833-AFF4-6697964F6236}.Debug|x86.Deploy.0 = Debug|iPhone
		{5A96A15E-5F1E-4833-AFF4-6697964F6236}.Release|Any CPU.ActiveCfg = Release|iPhone
		{5A96A15E-5F1E-4833-AFF4-6697964F6236}.Release|Any CPU.Build.0 = Release|iPhone
		{5A96A15E-5F1E-4833-AFF4-6697964F6236}.Release|Any CPU.Deploy.0 = Release|iPhone
		{5A96A15E-5F1E-4833-AFF4-6697964F6236}.Release|ARM.ActiveCfg = Release|iPhone
		{5A96A15E-5F1E-4833-AFF4-6697964F6236}.Release|ARM.Build.0 = Release|iPhone
		{5A96A15E-5F1E-4833-AFF4-6697964F6236}.Release|ARM.Deploy.0 = Release|iPhone
		{5A96A15E-5F1E-4833-AFF4-6697964F6236}.Release|iPhone.ActiveCfg = Release|iPhone
		{5A96A15E-5F1E-4833-AFF4-6697964F6236}.Release|iPhone.Build.0 = Release|iPhone
		{5A96A15E-5F1E-4833-AFF4-6697964F6236}.Release|iPhone.Deploy.0 = Release|iPhone
		{5A96A15E-5F1E-4833-AFF4-6697964F6236}.Release|iPhoneSimulator.ActiveCfg = Release|iPhoneSimulator
		{5A96A15E-5F1E-4833-AFF4-6697964F6236}.Release|iPhoneSimulator.Build.0 = Release|iPhoneSimulator
		{5A96A15E-5F1E-4833-AFF4-6697964F6236}.Release|iPhoneSimulator.Deploy.0 = Release|iPhoneSimulator
		{5A96A15E-5F1E-4833-AFF4-6697964F6236}.Release|x64.ActiveCfg = Release|iPhone
		{5A96A15E-5F1E-4833-AFF4-6697964F6236}.Release|x64.Build.0 = Release|iPhone
		{5A96A15E-5F1E-4833-AFF4-6697964F6236}.Release|x64.Deploy.0 = Release|iPhone
		{5A96A15E-5F1E-4833-AFF4-6697964F6236}.Release|x86.ActiveCfg = Release|iPhone
		{5A96A15E-5F1E-4833-AFF4-6697964F6236}.Release|x86.Build.0 = Release|iPhone
		{5A96A15E-5F1E-4833-AFF4-6697964F6236}.Release|x86.Deploy.0 = Release|iPhone
		{654E7589-AE4A-41D3-B1A7-35F5CC199373}.Debug|Any CPU.ActiveCfg = Debug|Any CPU
		{654E7589-AE4A-41D3-B1A7-35F5CC199373}.Debug|Any CPU.Build.0 = Debug|Any CPU
		{654E7589-AE4A-41D3-B1A7-35F5CC199373}.Debug|Any CPU.Deploy.0 = Debug|Any CPU
		{654E7589-AE4A-41D3-B1A7-35F5CC199373}.Debug|ARM.ActiveCfg = Debug|Any CPU
		{654E7589-AE4A-41D3-B1A7-35F5CC199373}.Debug|ARM.Build.0 = Debug|Any CPU
		{654E7589-AE4A-41D3-B1A7-35F5CC199373}.Debug|ARM.Deploy.0 = Debug|Any CPU
		{654E7589-AE4A-41D3-B1A7-35F5CC199373}.Debug|iPhone.ActiveCfg = Debug|Any CPU
		{654E7589-AE4A-41D3-B1A7-35F5CC199373}.Debug|iPhone.Build.0 = Debug|Any CPU
		{654E7589-AE4A-41D3-B1A7-35F5CC199373}.Debug|iPhone.Deploy.0 = Debug|Any CPU
		{654E7589-AE4A-41D3-B1A7-35F5CC199373}.Debug|iPhoneSimulator.ActiveCfg = Debug|Any CPU
		{654E7589-AE4A-41D3-B1A7-35F5CC199373}.Debug|iPhoneSimulator.Build.0 = Debug|Any CPU
		{654E7589-AE4A-41D3-B1A7-35F5CC199373}.Debug|iPhoneSimulator.Deploy.0 = Debug|Any CPU
		{654E7589-AE4A-41D3-B1A7-35F5CC199373}.Debug|x64.ActiveCfg = Debug|Any CPU
		{654E7589-AE4A-41D3-B1A7-35F5CC199373}.Debug|x64.Build.0 = Debug|Any CPU
		{654E7589-AE4A-41D3-B1A7-35F5CC199373}.Debug|x64.Deploy.0 = Debug|Any CPU
		{654E7589-AE4A-41D3-B1A7-35F5CC199373}.Debug|x86.ActiveCfg = Debug|Any CPU
		{654E7589-AE4A-41D3-B1A7-35F5CC199373}.Debug|x86.Build.0 = Debug|Any CPU
		{654E7589-AE4A-41D3-B1A7-35F5CC199373}.Debug|x86.Deploy.0 = Debug|Any CPU
		{654E7589-AE4A-41D3-B1A7-35F5CC199373}.Release|Any CPU.ActiveCfg = Release|Any CPU
		{654E7589-AE4A-41D3-B1A7-35F5CC199373}.Release|Any CPU.Build.0 = Release|Any CPU
		{654E7589-AE4A-41D3-B1A7-35F5CC199373}.Release|Any CPU.Deploy.0 = Release|Any CPU
		{654E7589-AE4A-41D3-B1A7-35F5CC199373}.Release|ARM.ActiveCfg = Release|Any CPU
		{654E7589-AE4A-41D3-B1A7-35F5CC199373}.Release|ARM.Build.0 = Release|Any CPU
		{654E7589-AE4A-41D3-B1A7-35F5CC199373}.Release|ARM.Deploy.0 = Release|Any CPU
		{654E7589-AE4A-41D3-B1A7-35F5CC199373}.Release|iPhone.ActiveCfg = Release|Any CPU
		{654E7589-AE4A-41D3-B1A7-35F5CC199373}.Release|iPhone.Build.0 = Release|Any CPU
		{654E7589-AE4A-41D3-B1A7-35F5CC199373}.Release|iPhone.Deploy.0 = Release|Any CPU
		{654E7589-AE4A-41D3-B1A7-35F5CC199373}.Release|iPhoneSimulator.ActiveCfg = Release|Any CPU
		{654E7589-AE4A-41D3-B1A7-35F5CC199373}.Release|iPhoneSimulator.Build.0 = Release|Any CPU
		{654E7589-AE4A-41D3-B1A7-35F5CC199373}.Release|iPhoneSimulator.Deploy.0 = Release|Any CPU
		{654E7589-AE4A-41D3-B1A7-35F5CC199373}.Release|x64.ActiveCfg = Release|Any CPU
		{654E7589-AE4A-41D3-B1A7-35F5CC199373}.Release|x64.Build.0 = Release|Any CPU
		{654E7589-AE4A-41D3-B1A7-35F5CC199373}.Release|x64.Deploy.0 = Release|Any CPU
		{654E7589-AE4A-41D3-B1A7-35F5CC199373}.Release|x86.ActiveCfg = Release|Any CPU
		{654E7589-AE4A-41D3-B1A7-35F5CC199373}.Release|x86.Build.0 = Release|Any CPU
		{654E7589-AE4A-41D3-B1A7-35F5CC199373}.Release|x86.Deploy.0 = Release|Any CPU
	EndGlobalSection
	GlobalSection(SolutionProperties) = preSolution
		HideSolutionNode = FALSE
	EndGlobalSection
	GlobalSection(ExtensibilityGlobals) = postSolution
		SolutionGuid = {DD309DC3-136A-4BD3-8716-2CE10F64345C}
	EndGlobalSection
EndGlobal
